// !$*UTF8*$!
{
	archiveVersion = 1;
	classes = {
	};
	objectVersion = 77;
	objects = {

/* Begin PBXBuildFile section */
		E3C6FDBD2DDDCFFF003FF81C /* BookModule in Frameworks */ = {isa = PBXBuildFile; productRef = E3C6FDBC2DDDCFFF003FF81C /* BookModule */; };
		E3C6FDC02DDDD007003FF81C /* HomeModule in Frameworks */ = {isa = PBXBuildFile; productRef = E3C6FDBF2DDDD007003FF81C /* HomeModule */; };
		E3C6FDC32DDDD00F003FF81C /* HotelModule in Frameworks */ = {isa = PBXBuildFile; productRef = E3C6FDC22DDDD00F003FF81C /* HotelModule */; };
		E3C6FDC62DDDD017003FF81C /* MeModule in Frameworks */ = {isa = PBXBuildFile; productRef = E3C6FDC52DDDD017003FF81C /* MeModule */; };
		E3C6FDC92DDDD01E003FF81C /* TripModule in Frameworks */ = {isa = PBXBuildFile; productRef = E3C6FDC82DDDD01E003FF81C /* TripModule */; };
/* End PBXBuildFile section */

/* Begin PBXFileReference section */
		E3C6FD842DDDCD47003FF81C /* Example.app */ = {isa = PBXFileReference; explicitFileType = wrapper.application; includeInIndex = 0; path = Example.app; sourceTree = BUILT_PRODUCTS_DIR; };
/* End PBXFileReference section */

/* Begin PBXFileSystemSynchronizedBuildFileExceptionSet section */
		E3509F692DDDD347002C1BFF /* Exceptions for "Example" folder in "Example" target */ = {
			isa = PBXFileSystemSynchronizedBuildFileExceptionSet;
			membershipExceptions = (
				Info.plist,
			);
			target = E3C6FD832DDDCD47003FF81C /* Example */;
		};
/* End PBXFileSystemSynchronizedBuildFileExceptionSet section */

/* Begin PBXFileSystemSynchronizedRootGroup section */
		E3C6FD862DDDCD47003FF81C /* Example */ = {
			isa = PBXFileSystemSynchronizedRootGroup;
			exceptions = (
				E3509F692DDDD347002C1BFF /* Exceptions for "Example" folder in "Example" target */,
			);
			path = Example;
			sourceTree = "<group>";
		};
/* End PBXFileSystemSynchronizedRootGroup section */

/* Begin PBXFrameworksBuildPhase section */
		E3C6FD812DDDCD47003FF81C /* Frameworks */ = {
			isa = PBXFrameworksBuildPhase;
			buildActionMask = 2147483647;
			files = (
				E3C6FDC92DDDD01E003FF81C /* TripModule in Frameworks */,
				E3C6FDC62DDDD017003FF81C /* MeModule in Frameworks */,
				E3C6FDC32DDDD00F003FF81C /* HotelModule in Frameworks */,
				E3C6FDBD2DDDCFFF003FF81C /* BookModule in Frameworks */,
				E3C6FDC02DDDD007003FF81C /* HomeModule in Frameworks */,
			);
			runOnlyForDeploymentPostprocessing = 0;
		};
/* End PBXFrameworksBuildPhase section */

/* Begin PBXGroup section */
		E3C6FD7B2DDDCD47003FF81C = {
			isa = PBXGroup;
			children = (
				E3C6FD862DDDCD47003FF81C /* Example */,
				E3C6FD852DDDCD47003FF81C /* Products */,
			);
			sourceTree = "<group>";
		};
		E3C6FD852DDDCD47003FF81C /* Products */ = {
			isa = PBXGroup;
			children = (
				E3C6FD842DDDCD47003FF81C /* Example.app */,
			);
			name = Products;
			sourceTree = "<group>";
		};
/* End PBXGroup section */

/* Begin PBXNativeTarget section */
		E3C6FD832DDDCD47003FF81C /* Example */ = {
			isa = PBXNativeTarget;
			buildConfigurationList = E3C6FD8F2DDDCD48003FF81C /* Build configuration list for PBXNativeTarget "Example" */;
			buildPhases = (
				E3C6FD802DDDCD47003FF81C /* Sources */,
				E3C6FD812DDDCD47003FF81C /* Frameworks */,
				E3C6FD822DDDCD47003FF81C /* Resources */,
			);
			buildRules = (
			);
			dependencies = (
			);
			fileSystemSynchronizedGroups = (
				E3C6FD862DDDCD47003FF81C /* Example */,
			);
			name = Example;
			packageProductDependencies = (
				E3C6FDBC2DDDCFFF003FF81C /* BookModule */,
				E3C6FDBF2DDDD007003FF81C /* HomeModule */,
				E3C6FDC22DDDD00F003FF81C /* HotelModule */,
				E3C6FDC52DDDD017003FF81C /* MeModule */,
				E3C6FDC82DDDD01E003FF81C /* TripModule */,
			);
			productName = Example;
			productReference = E3C6FD842DDDCD47003FF81C /* Example.app */;
			productType = "com.apple.product-type.application";
		};
/* End PBXNativeTarget section */

/* Begin PBXProject section */
		E3C6FD7C2DDDCD47003FF81C /* Project object */ = {
			isa = PBXProject;
			attributes = {
				BuildIndependentTargetsInParallel = 1;
				LastSwiftUpdateCheck = 1630;
				LastUpgradeCheck = 1630;
				TargetAttributes = {
					E3C6FD832DDDCD47003FF81C = {
						CreatedOnToolsVersion = 16.3;
					};
				};
			};
			buildConfigurationList = E3C6FD7F2DDDCD47003FF81C /* Build configuration list for PBXProject "Example" */;
			developmentRegion = en;
			hasScannedForEncodings = 0;
			knownRegions = (
				en,
				Base,
			);
			mainGroup = E3C6FD7B2DDDCD47003FF81C;
			minimizedProjectReferenceProxies = 1;
			packageReferences = (
				E3C6FDBB2DDDCFFF003FF81C /* XCLocalSwiftPackageReference "Modules/BookModule" */,
				E3C6FDBE2DDDD007003FF81C /* XCLocalSwiftPackageReference "Modules/HomeModule" */,
				E3C6FDC12DDDD00F003FF81C /* XCLocalSwiftPackageReference "Modules/HotelModule" */,
				E3C6FDC42DDDD017003FF81C /* XCLocalSwiftPackageReference "Modules/MeModule" */,
				E3C6FDC72DDDD01E003FF81C /* XCLocalSwiftPackageReference "Modules/TripModule" */,
			);
			preferredProjectObjectVersion = 77;
			productRefGroup = E3C6FD852DDDCD47003FF81C /* Products */;
			projectDirPath = "";
			projectRoot = "";
			targets = (
				E3C6FD832DDDCD47003FF81C /* Example */,
			);
		};
/* End PBXProject section */

/* Begin PBXResourcesBuildPhase section */
		E3C6FD822DDDCD47003FF81C /* Resources */ = {
			isa = PBXResourcesBuildPhase;
			buildActionMask = 2147483647;
			files = (
			);
			runOnlyForDeploymentPostprocessing = 0;
		};
/* End PBXResourcesBuildPhase section */

/* Begin PBXSourcesBuildPhase section */
		E3C6FD802DDDCD47003FF81C /* Sources */ = {
			isa = PBXSourcesBuildPhase;
			buildActionMask = 2147483647;
			files = (
			);
			runOnlyForDeploymentPostprocessing = 0;
		};
/* End PBXSourcesBuildPhase section */

/* Begin XCBuildConfiguration section */
		E3C6FD8D2DDDCD48003FF81C /* Debug */ = {
			isa = XCBuildConfiguration;
			buildSettings = {
				ALWAYS_SEARCH_USER_PATHS = NO;
				ASSETCATALOG_COMPILER_GENERATE_SWIFT_ASSET_SYMBOL_EXTENSIONS = YES;
				CLANG_ANALYZER_NONNULL = YES;
				CLANG_ANALYZER_NUMBER_OBJECT_CONVERSION = YES_AGGRESSIVE;
				CLANG_CXX_LANGUAGE_STANDARD = "gnu++20";
				CLANG_ENABLE_MODULES = YES;
				CLANG_ENABLE_OBJC_ARC = YES;
				CLANG_ENABLE_OBJC_WEAK = YES;
				CLANG_WARN_BLOCK_CAPTURE_AUTORELEASING = YES;
				CLANG_WARN_BOOL_CONVERSION = YES;
				CLANG_WARN_COMMA = YES;
				CLANG_WARN_CONSTANT_CONVERSION = YES;
				CLANG_WARN_DEPRECATED_OBJC_IMPLEMENTATIONS = YES;
				CLANG_WARN_DIRECT_OBJC_ISA_USAGE = YES_ERROR;
				CLANG_WARN_DOCUMENTATION_COMMENTS = YES;
				CLANG_WARN_EMPTY_BODY = YES;
				CLANG_WARN_ENUM_CONVERSION = YES;
				CLANG_WARN_INFINITE_RECURSION = YES;
				CLANG_WARN_INT_CONVERSION = YES;
				CLANG_WARN_NON_LITERAL_NULL_CONVERSION = YES;
				CLANG_WARN_OBJC_IMPLICIT_RETAIN_SELF = YES;
				CLANG_WARN_OBJC_LITERAL_CONVERSION = YES;
				CLANG_WARN_OBJC_ROOT_CLASS = YES_ERROR;
				CLANG_WARN_QUOTED_INCLUDE_IN_FRAMEWORK_HEADER = YES;
				CLANG_WARN_RANGE_LOOP_ANALYSIS = YES;
				CLANG_WARN_STRICT_PROTOTYPES = YES;
				CLANG_WARN_SUSPICIOUS_MOVE = YES;
				CLANG_WARN_UNGUARDED_AVAILABILITY = YES_AGGRESSIVE;
				CLANG_WARN_UNREACHABLE_CODE = YES;
				CLANG_WARN__DUPLICATE_METHOD_MATCH = YES;
				COPY_PHASE_STRIP = NO;
				DEBUG_INFORMATION_FORMAT = dwarf;
				DEVELOPMENT_TEAM = MU3P497PKC;
				ENABLE_STRICT_OBJC_MSGSEND = YES;
				ENABLE_TESTABILITY = YES;
				ENABLE_USER_SCRIPT_SANDBOXING = YES;
				GCC_C_LANGUAGE_STANDARD = gnu17;
				GCC_DYNAMIC_NO_PIC = NO;
				GCC_NO_COMMON_BLOCKS = YES;
				GCC_OPTIMIZATION_LEVEL = 0;
				GCC_PREPROCESSOR_DEFINITIONS = (
					"DEBUG=1",
					"$(inherited)",
				);
				GCC_WARN_64_TO_32_BIT_CONVERSION = YES;
				GCC_WARN_ABOUT_RETURN_TYPE = YES_ERROR;
				GCC_WARN_UNDECLARED_SELECTOR = YES;
				GCC_WARN_UNINITIALIZED_AUTOS = YES_AGGRESSIVE;
				GCC_WARN_UNUSED_FUNCTION = YES;
				GCC_WARN_UNUSED_VARIABLE = YES;
				IPHONEOS_DEPLOYMENT_TARGET = 18.4;
				LOCALIZATION_PREFERS_STRING_CATALOGS = YES;
				MTL_ENABLE_DEBUG_INFO = INCLUDE_SOURCE;
				MTL_FAST_MATH = YES;
				ONLY_ACTIVE_ARCH = YES;
				SDKROOT = iphoneos;
				SWIFT_ACTIVE_COMPILATION_CONDITIONS = "DEBUG $(inherited)";
				SWIFT_OPTIMIZATION_LEVEL = "-Onone";
			};
			name = Debug;
		};
		E3C6FD8E2DDDCD48003FF81C /* Release */ = {
			isa = XCBuildConfiguration;
			buildSettings = {
				ALWAYS_SEARCH_USER_PATHS = NO;
				ASSETCATALOG_COMPILER_GENERATE_SWIFT_ASSET_SYMBOL_EXTENSIONS = YES;
				CLANG_ANALYZER_NONNULL = YES;
				CLANG_ANALYZER_NUMBER_OBJECT_CONVERSION = YES_AGGRESSIVE;
				CLANG_CXX_LANGUAGE_STANDARD = "gnu++20";
				CLANG_ENABLE_MODULES = YES;
				CLANG_ENABLE_OBJC_ARC = YES;
				CLANG_ENABLE_OBJC_WEAK = YES;
				CLANG_WARN_BLOCK_CAPTURE_AUTORELEASING = YES;
				CLANG_WARN_BOOL_CONVERSION = YES;
				CLANG_WARN_COMMA = YES;
				CLANG_WARN_CONSTANT_CONVERSION = YES;
				CLANG_WARN_DEPRECATED_OBJC_IMPLEMENTATIONS = YES;
				CLANG_WARN_DIRECT_OBJC_ISA_USAGE = YES_ERROR;
				CLANG_WARN_DOCUMENTATION_COMMENTS = YES;
				CLANG_WARN_EMPTY_BODY = YES;
				CLANG_WARN_ENUM_CONVERSION = YES;
				CLANG_WARN_INFINITE_RECURSION = YES;
				CLANG_WARN_INT_CONVERSION = YES;
				CLANG_WARN_NON_LITERAL_NULL_CONVERSION = YES;
				CLANG_WARN_OBJC_IMPLICIT_RETAIN_SELF = YES;
				CLANG_WARN_OBJC_LITERAL_CONVERSION = YES;
				CLANG_WARN_OBJC_ROOT_CLASS = YES_ERROR;
				CLANG_WARN_QUOTED_INCLUDE_IN_FRAMEWORK_HEADER = YES;
				CLANG_WARN_RANGE_LOOP_ANALYSIS = YES;
				CLANG_WARN_STRICT_PROTOTYPES = YES;
				CLANG_WARN_SUSPICIOUS_MOVE = YES;
				CLANG_WARN_UNGUARDED_AVAILABILITY = YES_AGGRESSIVE;
				CLANG_WARN_UNREACHABLE_CODE = YES;
				CLANG_WARN__DUPLICATE_METHOD_MATCH = YES;
				COPY_PHASE_STRIP = NO;
				DEBUG_INFORMATION_FORMAT = "dwarf-with-dsym";
				DEVELOPMENT_TEAM = MU3P497PKC;
				ENABLE_NS_ASSERTIONS = NO;
				ENABLE_STRICT_OBJC_MSGSEND = YES;
				ENABLE_USER_SCRIPT_SANDBOXING = YES;
				GCC_C_LANGUAGE_STANDARD = gnu17;
				GCC_NO_COMMON_BLOCKS = YES;
				GCC_WARN_64_TO_32_BIT_CONVERSION = YES;
				GCC_WARN_ABOUT_RETURN_TYPE = YES_ERROR;
				GCC_WARN_UNDECLARED_SELECTOR = YES;
				GCC_WARN_UNINITIALIZED_AUTOS = YES_AGGRESSIVE;
				GCC_WARN_UNUSED_FUNCTION = YES;
				GCC_WARN_UNUSED_VARIABLE = YES;
				IPHONEOS_DEPLOYMENT_TARGET = 18.4;
				LOCALIZATION_PREFERS_STRING_CATALOGS = YES;
				MTL_ENABLE_DEBUG_INFO = NO;
				MTL_FAST_MATH = YES;
				SDKROOT = iphoneos;
				SWIFT_COMPILATION_MODE = wholemodule;
				VALIDATE_PRODUCT = YES;
			};
			name = Release;
		};
		E3C6FD902DDDCD48003FF81C /* Debug */ = {
			isa = XCBuildConfiguration;
			buildSettings = {
				ASSETCATALOG_COMPILER_APPICON_NAME = AppIcon;
				ASSETCATALOG_COMPILER_GLOBAL_ACCENT_COLOR_NAME = AccentColor;
				CODE_SIGN_STYLE = Automatic;
				CURRENT_PROJECT_VERSION = 1;
				DEVELOPMENT_TEAM = MU3P497PKC;
				ENABLE_PREVIEWS = YES;
				GENERATE_INFOPLIST_FILE = YES;
				INFOPLIST_FILE = Example/Info.plist;
				INFOPLIST_KEY_UIApplicationSceneManifest_Generation = YES;
				INFOPLIST_KEY_UIApplicationSupportsIndirectInputEvents = YES;
				INFOPLIST_KEY_UILaunchScreen_Generation = YES;
				INFOPLIST_KEY_UISupportedInterfaceOrientations_iPad = "UIInterfaceOrientationPortrait UIInterfaceOrientationPortraitUpsideDown UIInterfaceOrientationLandscapeLeft UIInterfaceOrientationLandscapeRight";
				INFOPLIST_KEY_UISupportedInterfaceOrientations_iPhone = "UIInterfaceOrientationPortrait UIInterfaceOrientationLandscapeLeft UIInterfaceOrientationLandscapeRight";
				LD_RUNPATH_SEARCH_PATHS = (
					"$(inherited)",
					"@executable_path/Frameworks",
				);
				MARKETING_VERSION = 1.0;
				PRODUCT_BUNDLE_IDENTIFIER = duye.SwiftUIRouter.Example;
				PRODUCT_NAME = "$(TARGET_NAME)";
				SWIFT_EMIT_LOC_STRINGS = YES;
				SWIFT_VERSION = 5.0;
				TARGETED_DEVICE_FAMILY = "1,2";
			};
			name = Debug;
		};
		E3C6FD912DDDCD48003FF81C /* Release */ = {
			isa = XCBuildConfiguration;
			buildSettings = {
				ASSETCATALOG_COMPILER_APPICON_NAME = AppIcon;
				ASSETCATALOG_COMPILER_GLOBAL_ACCENT_COLOR_NAME = AccentColor;
				CODE_SIGN_STYLE = Automatic;
				CURRENT_PROJECT_VERSION = 1;
				DEVELOPMENT_TEAM = MU3P497PKC;
				ENABLE_PREVIEWS = YES;
				GENERATE_INFOPLIST_FILE = YES;
				INFOPLIST_FILE = Example/Info.plist;
				INFOPLIST_KEY_UIApplicationSceneManifest_Generation = YES;
				INFOPLIST_KEY_UIApplicationSupportsIndirectInputEvents = YES;
				INFOPLIST_KEY_UILaunchScreen_Generation = YES;
				INFOPLIST_KEY_UISupportedInterfaceOrientations_iPad = "UIInterfaceOrientationPortrait UIInterfaceOrientationPortraitUpsideDown UIInterfaceOrientationLandscapeLeft UIInterfaceOrientationLandscapeRight";
				INFOPLIST_KEY_UISupportedInterfaceOrientations_iPhone = "UIInterfaceOrientationPortrait UIInterfaceOrientationLandscapeLeft UIInterfaceOrientationLandscapeRight";
				LD_RUNPATH_SEARCH_PATHS = (
					"$(inherited)",
					"@executable_path/Frameworks",
				);
				MARKETING_VERSION = 1.0;
				PRODUCT_BUNDLE_IDENTIFIER = duye.SwiftUIRouter.Example;
				PRODUCT_NAME = "$(TARGET_NAME)";
				SWIFT_EMIT_LOC_STRINGS = YES;
				SWIFT_VERSION = 5.0;
				TARGETED_DEVICE_FAMILY = "1,2";
			};
			name = Release;
		};
/* End XCBuildConfiguration section */

/* Begin XCConfigurationList section */
		E3C6FD7F2DDDCD47003FF81C /* Build configuration list for PBXProject "Example" */ = {
			isa = XCConfigurationList;
			buildConfigurations = (
				E3C6FD8D2DDDCD48003FF81C /* Debug */,
				E3C6FD8E2DDDCD48003FF81C /* Release */,
			);
			defaultConfigurationIsVisible = 0;
			defaultConfigurationName = Release;
		};
		E3C6FD8F2DDDCD48003FF81C /* Build configuration list for PBXNativeTarget "Example" */ = {
			isa = XCConfigurationList;
			buildConfigurations = (
				E3C6FD902DDDCD48003FF81C /* Debug */,
				E3C6FD912DDDCD48003FF81C /* Release */,
			);
			defaultConfigurationIsVisible = 0;
			defaultConfigurationName = Release;
		};
/* End XCConfigurationList section */

/* Begin XCLocalSwiftPackageReference section */
		E3C6FDBB2DDDCFFF003FF81C /* XCLocalSwiftPackageReference "Modules/BookModule" */ = {
			isa = XCLocalSwiftPackageReference;
			relativePath = Modules/BookModule;
		};
		E3C6FDBE2DDDD007003FF81C /* XCLocalSwiftPackageReference "Modules/HomeModule" */ = {
			isa = XCLocalSwiftPackageReference;
			relativePath = Modules/HomeModule;
		};
		E3C6FDC12DDDD00F003FF81C /* XCLocalSwiftPackageReference "Modules/HotelModule" */ = {
			isa = XCLocalSwiftPackageReference;
			relativePath = Modules/HotelModule;
		};
		E3C6FDC42DDDD017003FF81C /* XCLocalSwiftPackageReference "Modules/MeModule" */ = {
			isa = XCLocalSwiftPackageReference;
			relativePath = Modules/MeModule;
		};
		E3C6FDC72DDDD01E003FF81C /* XCLocalSwiftPackageReference "Modules/TripModule" */ = {
			isa = XCLocalSwiftPackageReference;
			relativePath = Modules/TripModule;
		};
/* End XCLocalSwiftPackageReference section */

/* Begin XCSwiftPackageProductDependency section */
		E3C6FDBC2DDDCFFF003FF81C /* BookModule */ = {
			isa = XCSwiftPackageProductDependency;
			productName = BookModule;
		};
		E3C6FDBF2DDDD007003FF81C /* HomeModule */ = {
			isa = XCSwiftPackageProductDependency;
			productName = HomeModule;
		};
		E3C6FDC22DDDD00F003FF81C /* HotelModule */ = {
			isa = XCSwiftPackageProductDependency;
			productName = HotelModule;
		};
		E3C6FDC52DDDD017003FF81C /* MeModule */ = {
			isa = XCSwiftPackageProductDependency;
			productName = MeModule;
		};
		E3C6FDC82DDDD01E003FF81C /* TripModule */ = {
			isa = XCSwiftPackageProductDependency;
			productName = TripModule;
		};
/* End XCSwiftPackageProductDependency section */
	};
	rootObject = E3C6FD7C2DDDCD47003FF81C /* Project object */;
}
