// !$*UTF8*$!
{
	archiveVersion = 1;
	classes = {
	};
	objectVersion = 77;
	objects = {

/* Begin PBXBuildFile section */
		E38414382DD1A41400B7A756 /* MyFoundation in Frameworks */ = {isa = PBXBuildFile; productRef = E38414372DD1A41400B7A756 /* MyFoundation */; };
		E384143B2DD1A42E00B7A756 /* MyService in Frameworks */ = {isa = PBXBuildFile; productRef = E384143A2DD1A42E00B7A756 /* MyService */; };
		E384143E2DD1A43E00B7A756 /* HotelModule in Frameworks */ = {isa = PBXBuildFile; productRef = E384143D2DD1A43E00B7A756 /* HotelModule */; };
		E38414412DD1A44700B7A756 /* HomeModule in Frameworks */ = {isa = PBXBuildFile; productRef = E38414402DD1A44700B7A756 /* HomeModule */; };
		E38414442DD1A44F00B7A756 /* BookModule in Frameworks */ = {isa = PBXBuildFile; productRef = E38414432DD1A44F00B7A756 /* BookModule */; };
		E38414472DD1A45D00B7A756 /* MeModule in Frameworks */ = {isa = PBXBuildFile; productRef = E38414462DD1A45D00B7A756 /* MeModule */; };
		E384144A2DD1A46500B7A756 /* TripModule in Frameworks */ = {isa = PBXBuildFile; productRef = E38414492DD1A46500B7A756 /* TripModule */; };
/* End PBXBuildFile section */

/* Begin PBXFileReference section */
		E38414222DD1A3C400B7A756 /* SwiftUIRouter.app */ = {isa = PBXFileReference; explicitFileType = wrapper.application; includeInIndex = 0; path = SwiftUIRouter.app; sourceTree = BUILT_PRODUCTS_DIR; };
/* End PBXFileReference section */

/* Begin PBXFileSystemSynchronizedBuildFileExceptionSet section */
		E3721B612DD1A69C0040134F /* Exceptions for "SwiftUIRouter" folder in "SwiftUIRouter" target */ = {
			isa = PBXFileSystemSynchronizedBuildFileExceptionSet;
			membershipExceptions = (
				Info.plist,
			);
			target = E38414212DD1A3C400B7A756 /* SwiftUIRouter */;
		};
/* End PBXFileSystemSynchronizedBuildFileExceptionSet section */

/* Begin PBXFileSystemSynchronizedRootGroup section */
		E38414242DD1A3C400B7A756 /* SwiftUIRouter */ = {
			isa = PBXFileSystemSynchronizedRootGroup;
			exceptions = (
				E3721B612DD1A69C0040134F /* Exceptions for "SwiftUIRouter" folder in "SwiftUIRouter" target */,
			);
			path = SwiftUIRouter;
			sourceTree = "<group>";
		};
/* End PBXFileSystemSynchronizedRootGroup section */

/* Begin PBXFrameworksBuildPhase section */
		E384141F2DD1A3C400B7A756 /* Frameworks */ = {
			isa = PBXFrameworksBuildPhase;
			buildActionMask = 2147483647;
			files = (
				E384143E2DD1A43E00B7A756 /* HotelModule in Frameworks */,
				E38414412DD1A44700B7A756 /* HomeModule in Frameworks */,
				E384144A2DD1A46500B7A756 /* TripModule in Frameworks */,
				E384143B2DD1A42E00B7A756 /* MyService in Frameworks */,
				E38414442DD1A44F00B7A756 /* BookModule in Frameworks */,
				E38414472DD1A45D00B7A756 /* MeModule in Frameworks */,
				E38414382DD1A41400B7A756 /* MyFoundation in Frameworks */,
			);
			runOnlyForDeploymentPostprocessing = 0;
		};
/* End PBXFrameworksBuildPhase section */

/* Begin PBXGroup section */
		E38414192DD1A3C400B7A756 = {
			isa = PBXGroup;
			children = (
				E38414242DD1A3C400B7A756 /* SwiftUIRouter */,
				E38414232DD1A3C400B7A756 /* Products */,
			);
			sourceTree = "<group>";
		};
		E38414232DD1A3C400B7A756 /* Products */ = {
			isa = PBXGroup;
			children = (
				E38414222DD1A3C400B7A756 /* SwiftUIRouter.app */,
			);
			name = Products;
			sourceTree = "<group>";
		};
/* End PBXGroup section */

/* Begin PBXNativeTarget section */
		E38414212DD1A3C400B7A756 /* SwiftUIRouter */ = {
			isa = PBXNativeTarget;
			buildConfigurationList = E384142D2DD1A3C500B7A756 /* Build configuration list for PBXNativeTarget "SwiftUIRouter" */;
			buildPhases = (
				E384141E2DD1A3C400B7A756 /* Sources */,
				E384141F2DD1A3C400B7A756 /* Frameworks */,
				E38414202DD1A3C400B7A756 /* Resources */,
			);
			buildRules = (
			);
			dependencies = (
			);
			fileSystemSynchronizedGroups = (
				E38414242DD1A3C400B7A756 /* SwiftUIRouter */,
			);
			name = SwiftUIRouter;
			packageProductDependencies = (
				E38414372DD1A41400B7A756 /* MyFoundation */,
				E384143A2DD1A42E00B7A756 /* MyService */,
				E384143D2DD1A43E00B7A756 /* HotelModule */,
				E38414402DD1A44700B7A756 /* HomeModule */,
				E38414432DD1A44F00B7A756 /* BookModule */,
				E38414462DD1A45D00B7A756 /* MeModule */,
				E38414492DD1A46500B7A756 /* TripModule */,
			);
			productName = SwiftUIRouter;
			productReference = E38414222DD1A3C400B7A756 /* SwiftUIRouter.app */;
			productType = "com.apple.product-type.application";
		};
/* End PBXNativeTarget section */

/* Begin PBXProject section */
		E384141A2DD1A3C400B7A756 /* Project object */ = {
			isa = PBXProject;
			attributes = {
				BuildIndependentTargetsInParallel = 1;
				LastSwiftUpdateCheck = 1630;
				LastUpgradeCheck = 1630;
				TargetAttributes = {
					E38414212DD1A3C400B7A756 = {
						CreatedOnToolsVersion = 16.3;
					};
				};
			};
			buildConfigurationList = E384141D2DD1A3C400B7A756 /* Build configuration list for PBXProject "SwiftUIRouter" */;
			developmentRegion = en;
			hasScannedForEncodings = 0;
			knownRegions = (
				en,
				Base,
			);
			mainGroup = E38414192DD1A3C400B7A756;
			minimizedProjectReferenceProxies = 1;
			packageReferences = (
				E38414362DD1A41400B7A756 /* XCLocalSwiftPackageReference "Modules/MyFoundation" */,
				E38414392DD1A42E00B7A756 /* XCLocalSwiftPackageReference "Modules/MyService" */,
				E384143C2DD1A43E00B7A756 /* XCLocalSwiftPackageReference "Modules/HotelModule" */,
				E384143F2DD1A44700B7A756 /* XCLocalSwiftPackageReference "Modules/HomeModule" */,
				E38414422DD1A44F00B7A756 /* XCLocalSwiftPackageReference "Modules/BookModule" */,
				E38414452DD1A45D00B7A756 /* XCLocalSwiftPackageReference "Modules/MeModule" */,
				E38414482DD1A46500B7A756 /* XCLocalSwiftPackageReference "Modules/TripModule" */,
			);
			preferredProjectObjectVersion = 77;
			productRefGroup = E38414232DD1A3C400B7A756 /* Products */;
			projectDirPath = "";
			projectRoot = "";
			targets = (
				E38414212DD1A3C400B7A756 /* SwiftUIRouter */,
			);
		};
/* End PBXProject section */

/* Begin PBXResourcesBuildPhase section */
		E38414202DD1A3C400B7A756 /* Resources */ = {
			isa = PBXResourcesBuildPhase;
			buildActionMask = 2147483647;
			files = (
			);
			runOnlyForDeploymentPostprocessing = 0;
		};
/* End PBXResourcesBuildPhase section */

/* Begin PBXSourcesBuildPhase section */
		E384141E2DD1A3C400B7A756 /* Sources */ = {
			isa = PBXSourcesBuildPhase;
			buildActionMask = 2147483647;
			files = (
			);
			runOnlyForDeploymentPostprocessing = 0;
		};
/* End PBXSourcesBuildPhase section */

/* Begin XCBuildConfiguration section */
		E384142B2DD1A3C500B7A756 /* Debug */ = {
			isa = XCBuildConfiguration;
			buildSettings = {
				ALWAYS_SEARCH_USER_PATHS = NO;
				ASSETCATALOG_COMPILER_GENERATE_SWIFT_ASSET_SYMBOL_EXTENSIONS = YES;
				CLANG_ANALYZER_NONNULL = YES;
				CLANG_ANALYZER_NUMBER_OBJECT_CONVERSION = YES_AGGRESSIVE;
				CLANG_CXX_LANGUAGE_STANDARD = "gnu++20";
				CLANG_ENABLE_MODULES = YES;
				CLANG_ENABLE_OBJC_ARC = YES;
				CLANG_ENABLE_OBJC_WEAK = YES;
				CLANG_WARN_BLOCK_CAPTURE_AUTORELEASING = YES;
				CLANG_WARN_BOOL_CONVERSION = YES;
				CLANG_WARN_COMMA = YES;
				CLANG_WARN_CONSTANT_CONVERSION = YES;
				CLANG_WARN_DEPRECATED_OBJC_IMPLEMENTATIONS = YES;
				CLANG_WARN_DIRECT_OBJC_ISA_USAGE = YES_ERROR;
				CLANG_WARN_DOCUMENTATION_COMMENTS = YES;
				CLANG_WARN_EMPTY_BODY = YES;
				CLANG_WARN_ENUM_CONVERSION = YES;
				CLANG_WARN_INFINITE_RECURSION = YES;
				CLANG_WARN_INT_CONVERSION = YES;
				CLANG_WARN_NON_LITERAL_NULL_CONVERSION = YES;
				CLANG_WARN_OBJC_IMPLICIT_RETAIN_SELF = YES;
				CLANG_WARN_OBJC_LITERAL_CONVERSION = YES;
				CLANG_WARN_OBJC_ROOT_CLASS = YES_ERROR;
				CLANG_WARN_QUOTED_INCLUDE_IN_FRAMEWORK_HEADER = YES;
				CLANG_WARN_RANGE_LOOP_ANALYSIS = YES;
				CLANG_WARN_STRICT_PROTOTYPES = YES;
				CLANG_WARN_SUSPICIOUS_MOVE = YES;
				CLANG_WARN_UNGUARDED_AVAILABILITY = YES_AGGRESSIVE;
				CLANG_WARN_UNREACHABLE_CODE = YES;
				CLANG_WARN__DUPLICATE_METHOD_MATCH = YES;
				COPY_PHASE_STRIP = NO;
				DEBUG_INFORMATION_FORMAT = dwarf;
				DEVELOPMENT_TEAM = MU3P497PKC;
				ENABLE_STRICT_OBJC_MSGSEND = YES;
				ENABLE_TESTABILITY = YES;
				ENABLE_USER_SCRIPT_SANDBOXING = YES;
				GCC_C_LANGUAGE_STANDARD = gnu17;
				GCC_DYNAMIC_NO_PIC = NO;
				GCC_NO_COMMON_BLOCKS = YES;
				GCC_OPTIMIZATION_LEVEL = 0;
				GCC_PREPROCESSOR_DEFINITIONS = (
					"DEBUG=1",
					"$(inherited)",
				);
				GCC_WARN_64_TO_32_BIT_CONVERSION = YES;
				GCC_WARN_ABOUT_RETURN_TYPE = YES_ERROR;
				GCC_WARN_UNDECLARED_SELECTOR = YES;
				GCC_WARN_UNINITIALIZED_AUTOS = YES_AGGRESSIVE;
				GCC_WARN_UNUSED_FUNCTION = YES;
				GCC_WARN_UNUSED_VARIABLE = YES;
				IPHONEOS_DEPLOYMENT_TARGET = 18.4;
				LOCALIZATION_PREFERS_STRING_CATALOGS = YES;
				MTL_ENABLE_DEBUG_INFO = INCLUDE_SOURCE;
				MTL_FAST_MATH = YES;
				ONLY_ACTIVE_ARCH = YES;
				SDKROOT = iphoneos;
				SWIFT_ACTIVE_COMPILATION_CONDITIONS = "DEBUG $(inherited)";
				SWIFT_OPTIMIZATION_LEVEL = "-Onone";
			};
			name = Debug;
		};
		E384142C2DD1A3C500B7A756 /* Release */ = {
			isa = XCBuildConfiguration;
			buildSettings = {
				ALWAYS_SEARCH_USER_PATHS = NO;
				ASSETCATALOG_COMPILER_GENERATE_SWIFT_ASSET_SYMBOL_EXTENSIONS = YES;
				CLANG_ANALYZER_NONNULL = YES;
				CLANG_ANALYZER_NUMBER_OBJECT_CONVERSION = YES_AGGRESSIVE;
				CLANG_CXX_LANGUAGE_STANDARD = "gnu++20";
				CLANG_ENABLE_MODULES = YES;
				CLANG_ENABLE_OBJC_ARC = YES;
				CLANG_ENABLE_OBJC_WEAK = YES;
				CLANG_WARN_BLOCK_CAPTURE_AUTORELEASING = YES;
				CLANG_WARN_BOOL_CONVERSION = YES;
				CLANG_WARN_COMMA = YES;
				CLANG_WARN_CONSTANT_CONVERSION = YES;
				CLANG_WARN_DEPRECATED_OBJC_IMPLEMENTATIONS = YES;
				CLANG_WARN_DIRECT_OBJC_ISA_USAGE = YES_ERROR;
				CLANG_WARN_DOCUMENTATION_COMMENTS = YES;
				CLANG_WARN_EMPTY_BODY = YES;
				CLANG_WARN_ENUM_CONVERSION = YES;
				CLANG_WARN_INFINITE_RECURSION = YES;
				CLANG_WARN_INT_CONVERSION = YES;
				CLANG_WARN_NON_LITERAL_NULL_CONVERSION = YES;
				CLANG_WARN_OBJC_IMPLICIT_RETAIN_SELF = YES;
				CLANG_WARN_OBJC_LITERAL_CONVERSION = YES;
				CLANG_WARN_OBJC_ROOT_CLASS = YES_ERROR;
				CLANG_WARN_QUOTED_INCLUDE_IN_FRAMEWORK_HEADER = YES;
				CLANG_WARN_RANGE_LOOP_ANALYSIS = YES;
				CLANG_WARN_STRICT_PROTOTYPES = YES;
				CLANG_WARN_SUSPICIOUS_MOVE = YES;
				CLANG_WARN_UNGUARDED_AVAILABILITY = YES_AGGRESSIVE;
				CLANG_WARN_UNREACHABLE_CODE = YES;
				CLANG_WARN__DUPLICATE_METHOD_MATCH = YES;
				COPY_PHASE_STRIP = NO;
				DEBUG_INFORMATION_FORMAT = "dwarf-with-dsym";
				DEVELOPMENT_TEAM = MU3P497PKC;
				ENABLE_NS_ASSERTIONS = NO;
				ENABLE_STRICT_OBJC_MSGSEND = YES;
				ENABLE_USER_SCRIPT_SANDBOXING = YES;
				GCC_C_LANGUAGE_STANDARD = gnu17;
				GCC_NO_COMMON_BLOCKS = YES;
				GCC_WARN_64_TO_32_BIT_CONVERSION = YES;
				GCC_WARN_ABOUT_RETURN_TYPE = YES_ERROR;
				GCC_WARN_UNDECLARED_SELECTOR = YES;
				GCC_WARN_UNINITIALIZED_AUTOS = YES_AGGRESSIVE;
				GCC_WARN_UNUSED_FUNCTION = YES;
				GCC_WARN_UNUSED_VARIABLE = YES;
				IPHONEOS_DEPLOYMENT_TARGET = 18.4;
				LOCALIZATION_PREFERS_STRING_CATALOGS = YES;
				MTL_ENABLE_DEBUG_INFO = NO;
				MTL_FAST_MATH = YES;
				SDKROOT = iphoneos;
				SWIFT_COMPILATION_MODE = wholemodule;
				VALIDATE_PRODUCT = YES;
			};
			name = Release;
		};
		E384142E2DD1A3C500B7A756 /* Debug */ = {
			isa = XCBuildConfiguration;
			buildSettings = {
				ASSETCATALOG_COMPILER_APPICON_NAME = AppIcon;
				ASSETCATALOG_COMPILER_GLOBAL_ACCENT_COLOR_NAME = AccentColor;
				CODE_SIGN_STYLE = Automatic;
				CURRENT_PROJECT_VERSION = 1;
				DEVELOPMENT_TEAM = MU3P497PKC;
				ENABLE_PREVIEWS = YES;
				GENERATE_INFOPLIST_FILE = YES;
				INFOPLIST_FILE = SwiftUIRouter/Info.plist;
				INFOPLIST_KEY_UIApplicationSceneManifest_Generation = YES;
				INFOPLIST_KEY_UIApplicationSupportsIndirectInputEvents = YES;
				INFOPLIST_KEY_UILaunchScreen_Generation = YES;
				INFOPLIST_KEY_UISupportedInterfaceOrientations_iPad = "UIInterfaceOrientationPortrait UIInterfaceOrientationPortraitUpsideDown UIInterfaceOrientationLandscapeLeft UIInterfaceOrientationLandscapeRight";
				INFOPLIST_KEY_UISupportedInterfaceOrientations_iPhone = "UIInterfaceOrientationPortrait UIInterfaceOrientationLandscapeLeft UIInterfaceOrientationLandscapeRight";
				IPHONEOS_DEPLOYMENT_TARGET = 17.6;
				LD_RUNPATH_SEARCH_PATHS = (
					"$(inherited)",
					"@executable_path/Frameworks",
				);
				MARKETING_VERSION = 1.0;
				PRODUCT_BUNDLE_IDENTIFIER = duye.SwiftUIRouter;
				PRODUCT_NAME = "$(TARGET_NAME)";
				SWIFT_EMIT_LOC_STRINGS = YES;
				SWIFT_VERSION = 5.0;
				TARGETED_DEVICE_FAMILY = "1,2";
			};
			name = Debug;
		};
		E384142F2DD1A3C500B7A756 /* Release */ = {
			isa = XCBuildConfiguration;
			buildSettings = {
				ASSETCATALOG_COMPILER_APPICON_NAME = AppIcon;
				ASSETCATALOG_COMPILER_GLOBAL_ACCENT_COLOR_NAME = AccentColor;
				CODE_SIGN_STYLE = Automatic;
				CURRENT_PROJECT_VERSION = 1;
				DEVELOPMENT_TEAM = MU3P497PKC;
				ENABLE_PREVIEWS = YES;
				GENERATE_INFOPLIST_FILE = YES;
				INFOPLIST_FILE = SwiftUIRouter/Info.plist;
				INFOPLIST_KEY_UIApplicationSceneManifest_Generation = YES;
				INFOPLIST_KEY_UIApplicationSupportsIndirectInputEvents = YES;
				INFOPLIST_KEY_UILaunchScreen_Generation = YES;
				INFOPLIST_KEY_UISupportedInterfaceOrientations_iPad = "UIInterfaceOrientationPortrait UIInterfaceOrientationPortraitUpsideDown UIInterfaceOrientationLandscapeLeft UIInterfaceOrientationLandscapeRight";
				INFOPLIST_KEY_UISupportedInterfaceOrientations_iPhone = "UIInterfaceOrientationPortrait UIInterfaceOrientationLandscapeLeft UIInterfaceOrientationLandscapeRight";
				IPHONEOS_DEPLOYMENT_TARGET = 17.6;
				LD_RUNPATH_SEARCH_PATHS = (
					"$(inherited)",
					"@executable_path/Frameworks",
				);
				MARKETING_VERSION = 1.0;
				PRODUCT_BUNDLE_IDENTIFIER = duye.SwiftUIRouter;
				PRODUCT_NAME = "$(TARGET_NAME)";
				SWIFT_EMIT_LOC_STRINGS = YES;
				SWIFT_VERSION = 5.0;
				TARGETED_DEVICE_FAMILY = "1,2";
			};
			name = Release;
		};
/* End XCBuildConfiguration section */

/* Begin XCConfigurationList section */
		E384141D2DD1A3C400B7A756 /* Build configuration list for PBXProject "SwiftUIRouter" */ = {
			isa = XCConfigurationList;
			buildConfigurations = (
				E384142B2DD1A3C500B7A756 /* Debug */,
				E384142C2DD1A3C500B7A756 /* Release */,
			);
			defaultConfigurationIsVisible = 0;
			defaultConfigurationName = Release;
		};
		E384142D2DD1A3C500B7A756 /* Build configuration list for PBXNativeTarget "SwiftUIRouter" */ = {
			isa = XCConfigurationList;
			buildConfigurations = (
				E384142E2DD1A3C500B7A756 /* Debug */,
				E384142F2DD1A3C500B7A756 /* Release */,
			);
			defaultConfigurationIsVisible = 0;
			defaultConfigurationName = Release;
		};
/* End XCConfigurationList section */

/* Begin XCLocalSwiftPackageReference section */
		E38414362DD1A41400B7A756 /* XCLocalSwiftPackageReference "Modules/MyFoundation" */ = {
			isa = XCLocalSwiftPackageReference;
			relativePath = Modules/MyFoundation;
		};
		E38414392DD1A42E00B7A756 /* XCLocalSwiftPackageReference "Modules/MyService" */ = {
			isa = XCLocalSwiftPackageReference;
			relativePath = Modules/MyService;
		};
		E384143C2DD1A43E00B7A756 /* XCLocalSwiftPackageReference "Modules/HotelModule" */ = {
			isa = XCLocalSwiftPackageReference;
			relativePath = Modules/HotelModule;
		};
		E384143F2DD1A44700B7A756 /* XCLocalSwiftPackageReference "Modules/HomeModule" */ = {
			isa = XCLocalSwiftPackageReference;
			relativePath = Modules/HomeModule;
		};
		E38414422DD1A44F00B7A756 /* XCLocalSwiftPackageReference "Modules/BookModule" */ = {
			isa = XCLocalSwiftPackageReference;
			relativePath = Modules/BookModule;
		};
		E38414452DD1A45D00B7A756 /* XCLocalSwiftPackageReference "Modules/MeModule" */ = {
			isa = XCLocalSwiftPackageReference;
			relativePath = Modules/MeModule;
		};
		E38414482DD1A46500B7A756 /* XCLocalSwiftPackageReference "Modules/TripModule" */ = {
			isa = XCLocalSwiftPackageReference;
			relativePath = Modules/TripModule;
		};
/* End XCLocalSwiftPackageReference section */

/* Begin XCSwiftPackageProductDependency section */
		E38414372DD1A41400B7A756 /* MyFoundation */ = {
			isa = XCSwiftPackageProductDependency;
			productName = MyFoundation;
		};
		E384143A2DD1A42E00B7A756 /* MyService */ = {
			isa = XCSwiftPackageProductDependency;
			productName = MyService;
		};
		E384143D2DD1A43E00B7A756 /* HotelModule */ = {
			isa = XCSwiftPackageProductDependency;
			productName = HotelModule;
		};
		E38414402DD1A44700B7A756 /* HomeModule */ = {
			isa = XCSwiftPackageProductDependency;
			productName = HomeModule;
		};
		E38414432DD1A44F00B7A756 /* BookModule */ = {
			isa = XCSwiftPackageProductDependency;
			productName = BookModule;
		};
		E38414462DD1A45D00B7A756 /* MeModule */ = {
			isa = XCSwiftPackageProductDependency;
			productName = MeModule;
		};
		E38414492DD1A46500B7A756 /* TripModule */ = {
			isa = XCSwiftPackageProductDependency;
			productName = TripModule;
		};
/* End XCSwiftPackageProductDependency section */
	};
	rootObject = E384141A2DD1A3C400B7A756 /* Project object */;
}
